// !$*UTF8*$!
{
	archiveVersion = 1;
	classes = {
	};
	objectVersion = 46;
	objects = {

/* Begin PBXBuildFile section */
		8DD7401AE7D8570CAF1F4E5A /* libulta.a in Frameworks */ = {isa = PBXBuildFile; fileRef = 9E2F0AC2B8FB7974BCCC1102 /* libulta.a */; };
		D2E545A065730F92CE4BB3E0 /* sandbox_app.cpp in Sources */ = {isa = PBXBuildFile; fileRef = E391D5C8A6FD977AE5A13C08 /* sandbox_app.cpp */; };
/* End PBXBuildFile section */

/* Begin PBXContainerItemProxy section */
		12902CD838B65C8A9FBD5318 /* PBXContainerItemProxy */ = {
			isa = PBXContainerItemProxy;
			containerPortal = 5834BFDCEDAB7F0E5C47D61C /* ../ulta/ulta.xcodeproj */;
			proxyType = 2;
			remoteGlobalIDString = 2481BDE527F29017A95F3425;
			remoteInfo = libulta.a;
		};
		64CA9F718AF0CF23F1F7C5B1 /* PBXContainerItemProxy */ = {
			isa = PBXContainerItemProxy;
			containerPortal = 5834BFDCEDAB7F0E5C47D61C /* ../ulta/ulta.xcodeproj */;
			proxyType = 1;
			remoteGlobalIDString = BD66ED2BEC0D411D454E9B6B;
			remoteInfo = libulta.a;
		};
/* End PBXContainerItemProxy section */

/* Begin PBXFileReference section */
		4E5892B8F2AB306A04E378F8 /* sandbox */ = {isa = PBXFileReference; explicitFileType = "compiled.mach-o.executable"; includeInIndex = 0; name = sandbox; path = sandbox; sourceTree = BUILT_PRODUCTS_DIR; };
		5834BFDCEDAB7F0E5C47D61C /* libulta.a */ = {isa = PBXFileReference; lastKnownFileType = "wrapper.pb-project"; name = "ulta.xcodeproj"; path = ../ulta/ulta.xcodeproj; sourceTree = SOURCE_ROOT; };
		E391D5C8A6FD977AE5A13C08 /* sandbox_app.cpp */ = {isa = PBXFileReference; lastKnownFileType = sourcecode.cpp.cpp; name = sandbox_app.cpp; path = source/sandbox_app.cpp; sourceTree = "<group>"; };
/* End PBXFileReference section */

/* Begin PBXFrameworksBuildPhase section */
		BC7DEC280C9180DA8F0FB268 /* Frameworks */ = {
			isa = PBXFrameworksBuildPhase;
			buildActionMask = 2147483647;
			files = (
				8DD7401AE7D8570CAF1F4E5A /* libulta.a in Frameworks */,
			);
			runOnlyForDeploymentPostprocessing = 0;
		};
/* End PBXFrameworksBuildPhase section */

/* Begin PBXCopyFilesBuildPhase section */
		A974E6944CC06FC667913CD4 /* Embed Libraries */ = {
			isa = PBXCopyFilesBuildPhase;
			buildActionMask = 2147483647;
			dstPath = "";
			dstSubfolderSpec = 10;
			files = (
			);
			name = "Embed Libraries";
			runOnlyForDeploymentPostprocessing = 0;
		};
/* End PBXCopyFilesBuildPhase section */

/* Begin PBXGroup section */
		13E0008FA6EB5981EF204ECF /* sandbox */ = {
			isa = PBXGroup;
			children = (
				E391D5C8A6FD977AE5A13C08 /* sandbox_app.cpp */,
				A6C936B49B3FADE6EA134CF4 /* Products */,
				9D968EAA920D05DCE0E0A4EA /* Projects */,
			);
			name = sandbox;
			sourceTree = "<group>";
		};
		24E17F181E47808A11E2DD58 /* Products */ = {
			isa = PBXGroup;
			children = (
				9E2F0AC2B8FB7974BCCC1102 /* libulta.a */,
			);
			name = Products;
			sourceTree = "<group>";
		};
		9D968EAA920D05DCE0E0A4EA /* Projects */ = {
			isa = PBXGroup;
			children = (
				5834BFDCEDAB7F0E5C47D61C /* ulta.xcodeproj */,
			);
			name = Projects;
			sourceTree = "<group>";
		};
		A6C936B49B3FADE6EA134CF4 /* Products */ = {
			isa = PBXGroup;
			children = (
				4E5892B8F2AB306A04E378F8 /* sandbox */,
			);
			name = Products;
			sourceTree = "<group>";
		};
/* End PBXGroup section */

/* Begin PBXNativeTarget section */
		047CF39E1139A310862411DE /* sandbox */ = {
			isa = PBXNativeTarget;
			buildConfigurationList = AAB93487FACCC9397D4AFAC7 /* Build configuration list for PBXNativeTarget "sandbox" */;
			buildPhases = (
				2C656CC87C79017AFEF73308 /* Resources */,
				9612861FE6261AD168A44C5F /* Sources */,
				BC7DEC280C9180DA8F0FB268 /* Frameworks */,
				A974E6944CC06FC667913CD4 /* Embed Libraries */,
			);
			buildRules = (
			);
			dependencies = (
				1299BC210BFFBD93FF9B1A61 /* PBXTargetDependency */,
			);
			name = sandbox;
			productInstallPath = "$(HOME)/bin";
			productName = sandbox;
			productReference = 4E5892B8F2AB306A04E378F8 /* sandbox */;
			productType = "com.apple.product-type.tool";
		};
/* End PBXNativeTarget section */

/* Begin PBXProject section */
		08FB7793FE84155DC02AAC07 /* Project object */ = {
			isa = PBXProject;
			buildConfigurationList = 1DEB928908733DD80010E9CD /* Build configuration list for PBXProject "sandbox" */;
			compatibilityVersion = "Xcode 3.2";
			hasScannedForEncodings = 1;
			mainGroup = 13E0008FA6EB5981EF204ECF /* sandbox */;
			projectDirPath = "";
			projectReferences = (
				{
					ProductGroup = 24E17F181E47808A11E2DD58 /* Products */;
					ProjectRef = 5834BFDCEDAB7F0E5C47D61C /* ulta.xcodeproj */;
				},
			);
			projectRoot = "";
			targets = (
				047CF39E1139A310862411DE /* sandbox */,
			);
		};
/* End PBXProject section */

/* Begin PBXReferenceProxy section */
		9E2F0AC2B8FB7974BCCC1102 /* libulta.a */ = {
			isa = PBXReferenceProxy;
			fileType = archive.ar;
			path = libulta.a;
			remoteRef = 12902CD838B65C8A9FBD5318 /* PBXContainerItemProxy */;
			sourceTree = BUILT_PRODUCTS_DIR;
		};
/* End PBXReferenceProxy section */

/* Begin PBXResourcesBuildPhase section */
		2C656CC87C79017AFEF73308 /* Resources */ = {
			isa = PBXResourcesBuildPhase;
			buildActionMask = 2147483647;
			files = (
			);
			runOnlyForDeploymentPostprocessing = 0;
		};
/* End PBXResourcesBuildPhase section */

/* Begin PBXSourcesBuildPhase section */
		9612861FE6261AD168A44C5F /* Sources */ = {
			isa = PBXSourcesBuildPhase;
			buildActionMask = 2147483647;
			files = (
				D2E545A065730F92CE4BB3E0 /* sandbox_app.cpp in Sources */,
			);
			runOnlyForDeploymentPostprocessing = 0;
		};
/* End PBXSourcesBuildPhase section */

/* Begin PBXTargetDependency section */
		1299BC210BFFBD93FF9B1A61 /* PBXTargetDependency */ = {
			isa = PBXTargetDependency;
			name = libulta.a;
			targetProxy = 64CA9F718AF0CF23F1F7C5B1 /* PBXContainerItemProxy */;
		};
/* End PBXTargetDependency section */

/* Begin PBXVariantGroup section */
/* End PBXVariantGroup section */

/* Begin XCBuildConfiguration section */
		2874D3B8CCC7716ADEFFB9F8 /* Release */ = {
			isa = XCBuildConfiguration;
			buildSettings = {
				ARCHS = "$(NATIVE_ARCH_ACTUAL)";
				CLANG_CXX_LANGUAGE_STANDARD = "c++2a";
				CONFIGURATION_BUILD_DIR = "$(SYMROOT)";
				CONFIGURATION_TEMP_DIR = "$(OBJROOT)";
				GCC_OPTIMIZATION_LEVEL = 3;
				GCC_PREPROCESSOR_DEFINITIONS = (
					ULTA_RELEASE,
				);
				GCC_SYMBOLS_PRIVATE_EXTERN = NO;
				GCC_WARN_ABOUT_RETURN_TYPE = YES;
				GCC_WARN_UNUSED_VARIABLE = YES;
				OBJROOT = "../bin-int/Release-macosx-x86_64/sandbox";
				ONLY_ACTIVE_ARCH = NO;
				SYMROOT = "../bin/Release-macosx-x86_64/sandbox";
				USER_HEADER_SEARCH_PATHS = (
					../ulta/source,
				);
			};
			name = Release;
		};
		68E481FE0C300B302700D83E /* Debug */ = {
			isa = XCBuildConfiguration;
			buildSettings = {
				ARCHS = "$(NATIVE_ARCH_ACTUAL)";
				CLANG_CXX_LANGUAGE_STANDARD = "c++2a";
				CONFIGURATION_BUILD_DIR = "$(SYMROOT)";
				CONFIGURATION_TEMP_DIR = "$(OBJROOT)";
				COPY_PHASE_STRIP = NO;
				GCC_ENABLE_FIX_AND_CONTINUE = YES;
				GCC_OPTIMIZATION_LEVEL = 0;
				GCC_PREPROCESSOR_DEFINITIONS = (
					ULTA_DEBUG,
				);
				GCC_SYMBOLS_PRIVATE_EXTERN = NO;
				GCC_WARN_ABOUT_RETURN_TYPE = YES;
				GCC_WARN_UNUSED_VARIABLE = YES;
				OBJROOT = "../bin-int/Debug-macosx-x86_64/sandbox";
				ONLY_ACTIVE_ARCH = YES;
				SYMROOT = "../bin/Debug-macosx-x86_64/sandbox";
				USER_HEADER_SEARCH_PATHS = (
					../ulta/source,
				);
			};
			name = Debug;
		};
		A74E8E07EFBF7239345E4447 /* Release */ = {
			isa = XCBuildConfiguration;
			buildSettings = {
				ALWAYS_SEARCH_USER_PATHS = NO;
				CONFIGURATION_BUILD_DIR = "../bin/Release-macosx-x86_64/sandbox";
				DEBUG_INFORMATION_FORMAT = "dwarf-with-dsym";
				GCC_DYNAMIC_NO_PIC = NO;
				INSTALL_PATH = /usr/local/bin;
				PRODUCT_NAME = sandbox;
			};
			name = Release;
		};
		F9094BCD1F2F7B7F8636720D /* Debug */ = {
			isa = XCBuildConfiguration;
			buildSettings = {
				ALWAYS_SEARCH_USER_PATHS = NO;
				CONFIGURATION_BUILD_DIR = "../bin/Debug-macosx-x86_64/sandbox";
				DEBUG_INFORMATION_FORMAT = "dwarf-with-dsym";
				GCC_DYNAMIC_NO_PIC = NO;
				INSTALL_PATH = /usr/local/bin;
				PRODUCT_NAME = sandbox;
			};
			name = Debug;
		};
/* End XCBuildConfiguration section */

/* Begin XCConfigurationList section */
		1DEB928908733DD80010E9CD /* Build configuration list for PBXProject "sandbox" */ = {
			isa = XCConfigurationList;
			buildConfigurations = (
				68E481FE0C300B302700D83E /* Debug */,
				2874D3B8CCC7716ADEFFB9F8 /* Release */,
			);
			defaultConfigurationIsVisible = 0;
			defaultConfigurationName = Debug;
		};
		AAB93487FACCC9397D4AFAC7 /* Build configuration list for PBXNativeTarget "sandbox" */ = {
			isa = XCConfigurationList;
			buildConfigurations = (
				F9094BCD1F2F7B7F8636720D /* Debug */,
				A74E8E07EFBF7239345E4447 /* Release */,
			);
			defaultConfigurationIsVisible = 0;
			defaultConfigurationName = Debug;
		};
/* End XCConfigurationList section */
};
rootObject = 08FB7793FE84155DC02AAC07 /* Project object */;
}